
Microsoft Visual Studio Solution File, Format Version 12.00
Project("{FAE04EC0-301F-11D3-BF4B-00C04F79EFBC}") = "BlockiFinAid", "BlockiFinAid\BlockiFinAid.csproj", "{100777DA-E193-4A7E-A19D-F3023751FB08}"
EndProject
Project("{2150E333-8FDC-42A3-9474-1A3956D46DE8}") = "Solution Items", "Solution Items", "{17B502D3-B2F8-43DC-BA62-8955A48431F7}"
	ProjectSection(SolutionItems) = preProject
		compose.yml = compose.yml
		.env = .env
	EndProjectSection
EndProject
Global
	GlobalSection(SolutionConfigurationPlatforms) = preSolution
		Debug|Any CPU = Debug|Any CPU
		Release|Any CPU = Release|Any CPU
	EndGlobalSection
	GlobalSection(ProjectConfigurationPlatforms) = postSolution
		{100777DA-E193-4A7E-A19D-F3023751FB08}.Debug|Any CPU.ActiveCfg = Debug|Any CPU
		{100777DA-E193-4A7E-A19D-F3023751FB08}.Debug|Any CPU.Build.0 = Debug|Any CPU
		{100777DA-E193-4A7E-A19D-F3023751FB08}.Release|Any CPU.ActiveCfg = Release|Any CPU
		{100777DA-E193-4A7E-A19D-F3023751FB08}.Release|Any CPU.Build.0 = Release|Any CPU
	EndGlobalSection
	GlobalSection(NestedProjects) = preSolution
	EndGlobalSection
EndGlobal
